
Microsoft Visual Studio Solution File, Format Version 12.00
# Visual Studio Version 17
VisualStudioVersion = 17.12.35527.113
MinimumVisualStudioVersion = 10.0.40219.1
Project("{8BC9CEB8-8B4A-11D0-8D11-00A0C91BC942}") = "CPPTraining", "CPPTraining.vcxproj", "{006ABCF9-CBC0-45D7-9129-324EE3FEA060}"
EndProject
Project("{8BC9CEB8-8B4A-11D0-8D11-00A0C91BC942}") = "CPPBasics", "..\CPPBasics\CPPBasics.vcxproj", "{51AEB009-821C-4D1B-9781-6BB6916B4209}"
EndProject
Project("{8BC9CEB8-8B4A-11D0-8D11-00A0C91BC942}") = "Patterns", "..\Patterns\Patterns.vcxproj", "{29B61E8D-09C2-41EB-B03A-1E82CE8C7B9C}"
EndProject
Project("{8BC9CEB8-8B4A-11D0-8D11-00A0C91BC942}") = "NumberSystem", "..\NumberSystem\NumberSystem.vcxproj", "{A654385A-6567-4408-A699-D380C014B1E8}"
EndProject
Project("{8BC9CEB8-8B4A-11D0-8D11-00A0C91BC942}") = "LeetCodeProblems", "..\LeetCodeProblems\LeetCodeProblems.vcxproj", "{22205436-96F8-4AF0-B221-92A1CE883115}"
EndProject
Project("{8BC9CEB8-8B4A-11D0-8D11-00A0C91BC942}") = "Arrays", "..\Arrays\Arrays.vcxproj", "{95C60013-B169-4164-AA42-5678D272391A}"
EndProject
Project("{8BC9CEB8-8B4A-11D0-8D11-00A0C91BC942}") = "DesignPatterns", "..\DesignPatterns\DesignPatterns.vcxproj", "{2CE9E747-C89D-4B5D-B319-9704BFAA03ED}"
EndProject
Project("{8BC9CEB8-8B4A-11D0-8D11-00A0C91BC942}") = "StandardTemplateLibrary", "..\StandardTemplateLibrary\StandardTemplateLibrary.vcxproj", "{848D80C6-EA4C-40EA-BCC3-4FFC85A227B0}"
EndProject
Global
	GlobalSection(SolutionConfigurationPlatforms) = preSolution
		Debug|x64 = Debug|x64
		Debug|x86 = Debug|x86
		Release|x64 = Release|x64
		Release|x86 = Release|x86
	EndGlobalSection
	GlobalSection(ProjectConfigurationPlatforms) = postSolution
		{006ABCF9-CBC0-45D7-9129-324EE3FEA060}.Debug|x64.ActiveCfg = Debug|x64
		{006ABCF9-CBC0-45D7-9129-324EE3FEA060}.Debug|x64.Build.0 = Debug|x64
		{006ABCF9-CBC0-45D7-9129-324EE3FEA060}.Debug|x86.ActiveCfg = Debug|Win32
		{006ABCF9-CBC0-45D7-9129-324EE3FEA060}.Debug|x86.Build.0 = Debug|Win32
		{006ABCF9-CBC0-45D7-9129-324EE3FEA060}.Release|x64.ActiveCfg = Release|x64
		{006ABCF9-CBC0-45D7-9129-324EE3FEA060}.Release|x64.Build.0 = Release|x64
		{006ABCF9-CBC0-45D7-9129-324EE3FEA060}.Release|x86.ActiveCfg = Release|Win32
		{006ABCF9-CBC0-45D7-9129-324EE3FEA060}.Release|x86.Build.0 = Release|Win32
		{51AEB009-821C-4D1B-9781-6BB6916B4209}.Debug|x64.ActiveCfg = Debug|x64
		{51AEB009-821C-4D1B-9781-6BB6916B4209}.Debug|x64.Build.0 = Debug|x64
		{51AEB009-821C-4D1B-9781-6BB6916B4209}.Debug|x86.ActiveCfg = Debug|Win32
		{51AEB009-821C-4D1B-9781-6BB6916B4209}.Debug|x86.Build.0 = Debug|Win32
		{51AEB009-821C-4D1B-9781-6BB6916B4209}.Release|x64.ActiveCfg = Release|x64
		{51AEB009-821C-4D1B-9781-6BB6916B4209}.Release|x64.Build.0 = Release|x64
		{51AEB009-821C-4D1B-9781-6BB6916B4209}.Release|x86.ActiveCfg = Release|Win32
		{51AEB009-821C-4D1B-9781-6BB6916B4209}.Release|x86.Build.0 = Release|Win32
		{29B61E8D-09C2-41EB-B03A-1E82CE8C7B9C}.Debug|x64.ActiveCfg = Debug|x64
		{29B61E8D-09C2-41EB-B03A-1E82CE8C7B9C}.Debug|x64.Build.0 = Debug|x64
		{29B61E8D-09C2-41EB-B03A-1E82CE8C7B9C}.Debug|x86.ActiveCfg = Debug|Win32
		{29B61E8D-09C2-41EB-B03A-1E82CE8C7B9C}.Debug|x86.Build.0 = Debug|Win32
		{29B61E8D-09C2-41EB-B03A-1E82CE8C7B9C}.Release|x64.ActiveCfg = Release|x64
		{29B61E8D-09C2-41EB-B03A-1E82CE8C7B9C}.Release|x64.Build.0 = Release|x64
		{29B61E8D-09C2-41EB-B03A-1E82CE8C7B9C}.Release|x86.ActiveCfg = Release|Win32
		{29B61E8D-09C2-41EB-B03A-1E82CE8C7B9C}.Release|x86.Build.0 = Release|Win32
		{A654385A-6567-4408-A699-D380C014B1E8}.Debug|x64.ActiveCfg = Debug|x64
		{A654385A-6567-4408-A699-D380C014B1E8}.Debug|x64.Build.0 = Debug|x64
		{A654385A-6567-4408-A699-D380C014B1E8}.Debug|x86.ActiveCfg = Debug|Win32
		{A654385A-6567-4408-A699-D380C014B1E8}.Debug|x86.Build.0 = Debug|Win32
		{A654385A-6567-4408-A699-D380C014B1E8}.Release|x64.ActiveCfg = Release|x64
		{A654385A-6567-4408-A699-D380C014B1E8}.Release|x64.Build.0 = Release|x64
		{A654385A-6567-4408-A699-D380C014B1E8}.Release|x86.ActiveCfg = Release|Win32
		{A654385A-6567-4408-A699-D380C014B1E8}.Release|x86.Build.0 = Release|Win32
		{22205436-96F8-4AF0-B221-92A1CE883115}.Debug|x64.ActiveCfg = Debug|x64
		{22205436-96F8-4AF0-B221-92A1CE883115}.Debug|x64.Build.0 = Debug|x64
		{22205436-96F8-4AF0-B221-92A1CE883115}.Debug|x86.ActiveCfg = Debug|Win32
		{22205436-96F8-4AF0-B221-92A1CE883115}.Debug|x86.Build.0 = Debug|Win32
		{22205436-96F8-4AF0-B221-92A1CE883115}.Release|x64.ActiveCfg = Release|x64
		{22205436-96F8-4AF0-B221-92A1CE883115}.Release|x64.Build.0 = Release|x64
		{22205436-96F8-4AF0-B221-92A1CE883115}.Release|x86.ActiveCfg = Release|Win32
		{22205436-96F8-4AF0-B221-92A1CE883115}.Release|x86.Build.0 = Release|Win32
		{95C60013-B169-4164-AA42-5678D272391A}.Debug|x64.ActiveCfg = Debug|x64
		{95C60013-B169-4164-AA42-5678D272391A}.Debug|x64.Build.0 = Debug|x64
		{95C60013-B169-4164-AA42-5678D272391A}.Debug|x86.ActiveCfg = Debug|Win32
		{95C60013-B169-4164-AA42-5678D272391A}.Debug|x86.Build.0 = Debug|Win32
		{95C60013-B169-4164-AA42-5678D272391A}.Release|x64.ActiveCfg = Release|x64
		{95C60013-B169-4164-AA42-5678D272391A}.Release|x64.Build.0 = Release|x64
		{95C60013-B169-4164-AA42-5678D272391A}.Release|x86.ActiveCfg = Release|Win32
		{95C60013-B169-4164-AA42-5678D272391A}.Release|x86.Build.0 = Release|Win32
		{2CE9E747-C89D-4B5D-B319-9704BFAA03ED}.Debug|x64.ActiveCfg = Debug|x64
		{2CE9E747-C89D-4B5D-B319-9704BFAA03ED}.Debug|x64.Build.0 = Debug|x64
		{2CE9E747-C89D-4B5D-B319-9704BFAA03ED}.Debug|x86.ActiveCfg = Debug|Win32
		{2CE9E747-C89D-4B5D-B319-9704BFAA03ED}.Debug|x86.Build.0 = Debug|Win32
		{2CE9E747-C89D-4B5D-B319-9704BFAA03ED}.Release|x64.ActiveCfg = Release|x64
		{2CE9E747-C89D-4B5D-B319-9704BFAA03ED}.Release|x64.Build.0 = Release|x64
		{2CE9E747-C89D-4B5D-B319-9704BFAA03ED}.Release|x86.ActiveCfg = Release|Win32
		{2CE9E747-C89D-4B5D-B319-9704BFAA03ED}.Release|x86.Build.0 = Release|Win32
		{848D80C6-EA4C-40EA-BCC3-4FFC85A227B0}.Debug|x64.ActiveCfg = Debug|x64
		{848D80C6-EA4C-40EA-BCC3-4FFC85A227B0}.Debug|x64.Build.0 = Debug|x64
		{848D80C6-EA4C-40EA-BCC3-4FFC85A227B0}.Debug|x86.ActiveCfg = Debug|Win32
		{848D80C6-EA4C-40EA-BCC3-4FFC85A227B0}.Debug|x86.Build.0 = Debug|Win32
		{848D80C6-EA4C-40EA-BCC3-4FFC85A227B0}.Release|x64.ActiveCfg = Release|x64
		{848D80C6-EA4C-40EA-BCC3-4FFC85A227B0}.Release|x64.Build.0 = Release|x64
		{848D80C6-EA4C-40EA-BCC3-4FFC85A227B0}.Release|x86.ActiveCfg = Release|Win32
		{848D80C6-EA4C-40EA-BCC3-4FFC85A227B0}.Release|x86.Build.0 = Release|Win32
	EndGlobalSection
	GlobalSection(SolutionProperties) = preSolution
		HideSolutionNode = FALSE
	EndGlobalSection
	GlobalSection(ExtensibilityGlobals) = postSolution
		SolutionGuid = {3867810E-33FC-40DF-8857-4B61A50B0E80}
	EndGlobalSection
EndGlobal
